
Microsoft Visual Studio Solution File, Format Version 12.00
# Visual Studio Version 17
VisualStudioVersion = 17.9.34723.18
MinimumVisualStudioVersion = 10.0.40219.1
Project("{FAE04EC0-301F-11D3-BF4B-00C04F79EFBC}") = "test", "test\test.csproj", "{A186A93E-EB67-4928-B9F3-98178597FA94}"
EndProject
Global
	GlobalSection(SolutionConfigurationPlatforms) = preSolution
		Debug|Any CPU = Debug|Any CPU
		Release|Any CPU = Release|Any CPU
	EndGlobalSection
	GlobalSection(ProjectConfigurationPlatforms) = postSolution
		{A186A93E-EB67-4928-B9F3-98178597FA94}.Debug|Any CPU.ActiveCfg = Debug|Any CPU
		{A186A93E-EB67-4928-B9F3-98178597FA94}.Debug|Any CPU.Build.0 = Debug|Any CPU
		{A186A93E-EB67-4928-B9F3-98178597FA94}.Release|Any CPU.ActiveCfg = Release|Any CPU
		{A186A93E-EB67-4928-B9F3-98178597FA94}.Release|Any CPU.Build.0 = Release|Any CPU
	EndGlobalSection
	GlobalSection(SolutionProperties) = preSolution
		HideSolutionNode = FALSE
	EndGlobalSection
	GlobalSection(ExtensibilityGlobals) = postSolution
		SolutionGuid = {7469BDB6-BB6E-4129-91F7-4DB1D18F7AA3}
	EndGlobalSection
EndGlobal
